// !$*UTF8*$!
{
	archiveVersion = 1;
	classes = {
	};
	objectVersion = 48;
	objects = {

/* Begin PBXBuildFile section */
		631EBE30884B8D0B0E766544 /* Pods_Giants_Task.framework in Frameworks */ = {isa = PBXBuildFile; fileRef = 65BCB3400C8866DB3A563CE9 /* Pods_Giants_Task.framework */; };
		F4071F2221B98C5E00C18D33 /* AppDelegate.swift in Sources */ = {isa = PBXBuildFile; fileRef = F4071F2121B98C5E00C18D33 /* AppDelegate.swift */; };
		F4071F2421B98C5E00C18D33 /* loginVC.swift in Sources */ = {isa = PBXBuildFile; fileRef = F4071F2321B98C5E00C18D33 /* loginVC.swift */; };
		F4071F2721B98C5E00C18D33 /* Main.storyboard in Resources */ = {isa = PBXBuildFile; fileRef = F4071F2521B98C5E00C18D33 /* Main.storyboard */; };
		F4071F2921B98C5E00C18D33 /* Assets.xcassets in Resources */ = {isa = PBXBuildFile; fileRef = F4071F2821B98C5E00C18D33 /* Assets.xcassets */; };
		F4071F2C21B98C5E00C18D33 /* LaunchScreen.storyboard in Resources */ = {isa = PBXBuildFile; fileRef = F4071F2A21B98C5E00C18D33 /* LaunchScreen.storyboard */; };
		F4071F3621B990D900C18D33 /* XElements.swift in Sources */ = {isa = PBXBuildFile; fileRef = F4071F3521B990D900C18D33 /* XElements.swift */; };
		F4071F3821B9C4B500C18D33 /* introVC.swift in Sources */ = {isa = PBXBuildFile; fileRef = F4071F3721B9C4B500C18D33 /* introVC.swift */; };
		F4071F3A21B9C4CB00C18D33 /* registerVC.swift in Sources */ = {isa = PBXBuildFile; fileRef = F4071F3921B9C4CB00C18D33 /* registerVC.swift */; };
		F4071F3E21BA16AC00C18D33 /* API.swift in Sources */ = {isa = PBXBuildFile; fileRef = F4071F3D21BA16AC00C18D33 /* API.swift */; };
		F4BA040A21BA959F00CD0BEB /* helper.swift in Sources */ = {isa = PBXBuildFile; fileRef = F4BA040921BA959F00CD0BEB /* helper.swift */; };
/* End PBXBuildFile section */

/* Begin PBXFileReference section */
		65BCB3400C8866DB3A563CE9 /* Pods_Giants_Task.framework */ = {isa = PBXFileReference; explicitFileType = wrapper.framework; includeInIndex = 0; path = Pods_Giants_Task.framework; sourceTree = BUILT_PRODUCTS_DIR; };
		BC0410ED6F2889E10C6B7E0E /* Pods-Giants Task.release.xcconfig */ = {isa = PBXFileReference; includeInIndex = 1; lastKnownFileType = text.xcconfig; name = "Pods-Giants Task.release.xcconfig"; path = "Pods/Target Support Files/Pods-Giants Task/Pods-Giants Task.release.xcconfig"; sourceTree = "<group>"; };
		EEE8010B40D90C774C43E31C /* Pods-Giants Task.debug.xcconfig */ = {isa = PBXFileReference; includeInIndex = 1; lastKnownFileType = text.xcconfig; name = "Pods-Giants Task.debug.xcconfig"; path = "Pods/Target Support Files/Pods-Giants Task/Pods-Giants Task.debug.xcconfig"; sourceTree = "<group>"; };
		F4071F1E21B98C5E00C18D33 /* Giants Task.app */ = {isa = PBXFileReference; explicitFileType = wrapper.application; includeInIndex = 0; path = "Giants Task.app"; sourceTree = BUILT_PRODUCTS_DIR; };
		F4071F2121B98C5E00C18D33 /* AppDelegate.swift */ = {isa = PBXFileReference; lastKnownFileType = sourcecode.swift; path = AppDelegate.swift; sourceTree = "<group>"; };
		F4071F2321B98C5E00C18D33 /* loginVC.swift */ = {isa = PBXFileReference; lastKnownFileType = sourcecode.swift; path = loginVC.swift; sourceTree = "<group>"; };
		F4071F2621B98C5E00C18D33 /* Base */ = {isa = PBXFileReference; lastKnownFileType = file.storyboard; name = Base; path = Base.lproj/Main.storyboard; sourceTree = "<group>"; };
		F4071F2821B98C5E00C18D33 /* Assets.xcassets */ = {isa = PBXFileReference; lastKnownFileType = folder.assetcatalog; path = Assets.xcassets; sourceTree = "<group>"; };
		F4071F2B21B98C5E00C18D33 /* Base */ = {isa = PBXFileReference; lastKnownFileType = file.storyboard; name = Base; path = Base.lproj/LaunchScreen.storyboard; sourceTree = "<group>"; };
		F4071F2D21B98C5E00C18D33 /* Info.plist */ = {isa = PBXFileReference; lastKnownFileType = text.plist.xml; path = Info.plist; sourceTree = "<group>"; };
		F4071F3521B990D900C18D33 /* XElements.swift */ = {isa = PBXFileReference; fileEncoding = 4; lastKnownFileType = sourcecode.swift; path = XElements.swift; sourceTree = "<group>"; };
		F4071F3721B9C4B500C18D33 /* introVC.swift */ = {isa = PBXFileReference; lastKnownFileType = sourcecode.swift; path = introVC.swift; sourceTree = "<group>"; };
		F4071F3921B9C4CB00C18D33 /* registerVC.swift */ = {isa = PBXFileReference; lastKnownFileType = sourcecode.swift; path = registerVC.swift; sourceTree = "<group>"; };
		F4071F3D21BA16AC00C18D33 /* API.swift */ = {isa = PBXFileReference; lastKnownFileType = sourcecode.swift; path = API.swift; sourceTree = "<group>"; };
		F4BA040921BA959F00CD0BEB /* helper.swift */ = {isa = PBXFileReference; lastKnownFileType = sourcecode.swift; path = helper.swift; sourceTree = "<group>"; };
/* End PBXFileReference section */

/* Begin PBXFrameworksBuildPhase section */
		F4071F1B21B98C5E00C18D33 /* Frameworks */ = {
			isa = PBXFrameworksBuildPhase;
			buildActionMask = 2147483647;
			files = (
				631EBE30884B8D0B0E766544 /* Pods_Giants_Task.framework in Frameworks */,
			);
			runOnlyForDeploymentPostprocessing = 0;
		};
/* End PBXFrameworksBuildPhase section */

/* Begin PBXGroup section */
		04E05CDF5EAFD4F108E2D9CE /* Frameworks */ = {
			isa = PBXGroup;
			children = (
				65BCB3400C8866DB3A563CE9 /* Pods_Giants_Task.framework */,
			);
			name = Frameworks;
			sourceTree = "<group>";
		};
		D0336223EEC09E966F864E36 /* Pods */ = {
			isa = PBXGroup;
			children = (
				EEE8010B40D90C774C43E31C /* Pods-Giants Task.debug.xcconfig */,
				BC0410ED6F2889E10C6B7E0E /* Pods-Giants Task.release.xcconfig */,
			);
			name = Pods;
			sourceTree = "<group>";
		};
		F4071F1521B98C5E00C18D33 = {
			isa = PBXGroup;
			children = (
				F4071F3F21BA16B700C18D33 /* shortcuts */,
				F4071F2021B98C5E00C18D33 /* Giants Task */,
				F4071F1F21B98C5E00C18D33 /* Products */,
				D0336223EEC09E966F864E36 /* Pods */,
				04E05CDF5EAFD4F108E2D9CE /* Frameworks */,
			);
			sourceTree = "<group>";
		};
		F4071F1F21B98C5E00C18D33 /* Products */ = {
			isa = PBXGroup;
			children = (
				F4071F1E21B98C5E00C18D33 /* Giants Task.app */,
			);
			name = Products;
			sourceTree = "<group>";
		};
		F4071F2021B98C5E00C18D33 /* Giants Task */ = {
			isa = PBXGroup;
			children = (
				F4071F3521B990D900C18D33 /* XElements.swift */,
				F4071F2121B98C5E00C18D33 /* AppDelegate.swift */,
				F4071F2521B98C5E00C18D33 /* Main.storyboard */,
				F4071F3C21BA0F9C00C18D33 /* controller */,
				F4071F3B21BA0F7400C18D33 /* supporting files */,
				F4071F2D21B98C5E00C18D33 /* Info.plist */,
			);
			path = "Giants Task";
			sourceTree = "<group>";
		};
		F4071F3B21BA0F7400C18D33 /* supporting files */ = {
			isa = PBXGroup;
			children = (
				F4071F2821B98C5E00C18D33 /* Assets.xcassets */,
				F4071F2A21B98C5E00C18D33 /* LaunchScreen.storyboard */,
			);
			path = "supporting files";
			sourceTree = "<group>";
		};
		F4071F3C21BA0F9C00C18D33 /* controller */ = {
			isa = PBXGroup;
			children = (
				F4071F3721B9C4B500C18D33 /* introVC.swift */,
				F4071F2321B98C5E00C18D33 /* loginVC.swift */,
				F4071F3921B9C4CB00C18D33 /* registerVC.swift */,
			);
			path = controller;
			sourceTree = "<group>";
		};
		F4071F3F21BA16B700C18D33 /* shortcuts */ = {
			isa = PBXGroup;
			children = (
				F4071F3D21BA16AC00C18D33 /* API.swift */,
				F4BA040921BA959F00CD0BEB /* helper.swift */,
			);
			name = shortcuts;
			sourceTree = "<group>";
		};
/* End PBXGroup section */

/* Begin PBXNativeTarget section */
		F4071F1D21B98C5E00C18D33 /* Giants Task */ = {
			isa = PBXNativeTarget;
			buildConfigurationList = F4071F3021B98C5E00C18D33 /* Build configuration list for PBXNativeTarget "Giants Task" */;
			buildPhases = (
				685B5D3A2AD4E8D8B2C7D3D0 /* [CP] Check Pods Manifest.lock */,
				F4071F1A21B98C5E00C18D33 /* Sources */,
				F4071F1B21B98C5E00C18D33 /* Frameworks */,
				F4071F1C21B98C5E00C18D33 /* Resources */,
				8B527851083F37C2B9A27395 /* [CP] Embed Pods Frameworks */,
				FC87D6EF1CADE614BAB25252 /* [CP] Copy Pods Resources */,
			);
			buildRules = (
			);
			dependencies = (
			);
			name = "Giants Task";
			productName = "Giants Task";
			productReference = F4071F1E21B98C5E00C18D33 /* Giants Task.app */;
			productType = "com.apple.product-type.application";
		};
/* End PBXNativeTarget section */

/* Begin PBXProject section */
		F4071F1621B98C5E00C18D33 /* Project object */ = {
			isa = PBXProject;
			attributes = {
				LastSwiftUpdateCheck = 0920;
				LastUpgradeCheck = 0920;
				ORGANIZATIONNAME = per;
				TargetAttributes = {
					F4071F1D21B98C5E00C18D33 = {
						CreatedOnToolsVersion = 9.2;
						ProvisioningStyle = Automatic;
					};
				};
			};
			buildConfigurationList = F4071F1921B98C5E00C18D33 /* Build configuration list for PBXProject "Giants Task" */;
			compatibilityVersion = "Xcode 8.0";
			developmentRegion = en;
			hasScannedForEncodings = 0;
			knownRegions = (
				en,
				Base,
			);
			mainGroup = F4071F1521B98C5E00C18D33;
			productRefGroup = F4071F1F21B98C5E00C18D33 /* Products */;
			projectDirPath = "";
			projectRoot = "";
			targets = (
				F4071F1D21B98C5E00C18D33 /* Giants Task */,
			);
		};
/* End PBXProject section */

/* Begin PBXResourcesBuildPhase section */
		F4071F1C21B98C5E00C18D33 /* Resources */ = {
			isa = PBXResourcesBuildPhase;
			buildActionMask = 2147483647;
			files = (
				F4071F2C21B98C5E00C18D33 /* LaunchScreen.storyboard in Resources */,
				F4071F2921B98C5E00C18D33 /* Assets.xcassets in Resources */,
				F4071F2721B98C5E00C18D33 /* Main.storyboard in Resources */,
			);
			runOnlyForDeploymentPostprocessing = 0;
		};
/* End PBXResourcesBuildPhase section */

/* Begin PBXShellScriptBuildPhase section */
		685B5D3A2AD4E8D8B2C7D3D0 /* [CP] Check Pods Manifest.lock */ = {
			isa = PBXShellScriptBuildPhase;
			buildActionMask = 2147483647;
			files = (
			);
			inputPaths = (
				"${PODS_PODFILE_DIR_PATH}/Podfile.lock",
				"${PODS_ROOT}/Manifest.lock",
			);
			name = "[CP] Check Pods Manifest.lock";
			outputPaths = (
				"$(DERIVED_FILE_DIR)/Pods-Giants Task-checkManifestLockResult.txt",
			);
			runOnlyForDeploymentPostprocessing = 0;
			shellPath = /bin/sh;
			shellScript = "diff \"${PODS_PODFILE_DIR_PATH}/Podfile.lock\" \"${PODS_ROOT}/Manifest.lock\" > /dev/null\nif [ $? != 0 ] ; then\n    # print error to STDERR\n    echo \"error: The sandbox is not in sync with the Podfile.lock. Run 'pod install' or update your CocoaPods installation.\" >&2\n    exit 1\nfi\n# This output is used by Xcode 'outputs' to avoid re-running this script phase.\necho \"SUCCESS\" > \"${SCRIPT_OUTPUT_FILE_0}\"\n";
			showEnvVarsInLog = 0;
		};
		8B527851083F37C2B9A27395 /* [CP] Embed Pods Frameworks */ = {
			isa = PBXShellScriptBuildPhase;
			buildActionMask = 2147483647;
			files = (
			);
			inputPaths = (
				"${SRCROOT}/Pods/Target Support Files/Pods-Giants Task/Pods-Giants Task-frameworks.sh",
				"${BUILT_PRODUCTS_DIR}/Alamofire/Alamofire.framework",
				"${BUILT_PRODUCTS_DIR}/SwiftyJSON/SwiftyJSON.framework",
			);
			name = "[CP] Embed Pods Frameworks";
			outputPaths = (
				"${TARGET_BUILD_DIR}/${FRAMEWORKS_FOLDER_PATH}/Alamofire.framework",
				"${TARGET_BUILD_DIR}/${FRAMEWORKS_FOLDER_PATH}/SwiftyJSON.framework",
			);
			runOnlyForDeploymentPostprocessing = 0;
			shellPath = /bin/sh;
			shellScript = "\"${SRCROOT}/Pods/Target Support Files/Pods-Giants Task/Pods-Giants Task-frameworks.sh\"\n";
			showEnvVarsInLog = 0;
		};
		FC87D6EF1CADE614BAB25252 /* [CP] Copy Pods Resources */ = {
			isa = PBXShellScriptBuildPhase;
			buildActionMask = 2147483647;
			files = (
			);
			inputPaths = (
			);
			name = "[CP] Copy Pods Resources";
			outputPaths = (
			);
			runOnlyForDeploymentPostprocessing = 0;
			shellPath = /bin/sh;
			shellScript = "\"${SRCROOT}/Pods/Target Support Files/Pods-Giants Task/Pods-Giants Task-resources.sh\"\n";
			showEnvVarsInLog = 0;
		};
/* End PBXShellScriptBuildPhase section */

/* Begin PBXSourcesBuildPhase section */
		F4071F1A21B98C5E00C18D33 /* Sources */ = {
			isa = PBXSourcesBuildPhase;
			buildActionMask = 2147483647;
			files = (
				F4071F3E21BA16AC00C18D33 /* API.swift in Sources */,
				F4071F2421B98C5E00C18D33 /* loginVC.swift in Sources */,
				F4BA040A21BA959F00CD0BEB /* helper.swift in Sources */,
				F4071F3821B9C4B500C18D33 /* introVC.swift in Sources */,
				F4071F2221B98C5E00C18D33 /* AppDelegate.swift in Sources */,
				F4071F3621B990D900C18D33 /* XElements.swift in Sources */,
				F4071F3A21B9C4CB00C18D33 /* registerVC.swift in Sources */,
			);
			runOnlyForDeploymentPostprocessing = 0;
		};
/* End PBXSourcesBuildPhase section */

/* Begin PBXVariantGroup section */
		F4071F2521B98C5E00C18D33 /* Main.storyboard */ = {
			isa = PBXVariantGroup;
			children = (
				F4071F2621B98C5E00C18D33 /* Base */,
			);
			name = Main.storyboard;
			sourceTree = "<group>";
		};
		F4071F2A21B98C5E00C18D33 /* LaunchScreen.storyboard */ = {
			isa = PBXVariantGroup;
			children = (
				F4071F2B21B98C5E00C18D33 /* Base */,
			);
			name = LaunchScreen.storyboard;
			sourceTree = "<group>";
		};
/* End PBXVariantGroup section */

/* Begin XCBuildConfiguration section */
		F4071F2E21B98C5E00C18D33 /* Debug */ = {
			isa = XCBuildConfiguration;
			buildSettings = {
				ALWAYS_SEARCH_USER_PATHS = NO;
				CLANG_ANALYZER_NONNULL = YES;
				CLANG_ANALYZER_NUMBER_OBJECT_CONVERSION = YES_AGGRESSIVE;
				CLANG_CXX_LANGUAGE_STANDARD = "gnu++14";
				CLANG_CXX_LIBRARY = "libc++";
				CLANG_ENABLE_MODULES = YES;
				CLANG_ENABLE_OBJC_ARC = YES;
				CLANG_WARN_BLOCK_CAPTURE_AUTORELEASING = YES;
				CLANG_WARN_BOOL_CONVERSION = YES;
				CLANG_WARN_COMMA = YES;
				CLANG_WARN_CONSTANT_CONVERSION = YES;
				CLANG_WARN_DIRECT_OBJC_ISA_USAGE = YES_ERROR;
				CLANG_WARN_DOCUMENTATION_COMMENTS = YES;
				CLANG_WARN_EMPTY_BODY = YES;
				CLANG_WARN_ENUM_CONVERSION = YES;
				CLANG_WARN_INFINITE_RECURSION = YES;
				CLANG_WARN_INT_CONVERSION = YES;
				CLANG_WARN_NON_LITERAL_NULL_CONVERSION = YES;
				CLANG_WARN_OBJC_LITERAL_CONVERSION = YES;
				CLANG_WARN_OBJC_ROOT_CLASS = YES_ERROR;
				CLANG_WARN_RANGE_LOOP_ANALYSIS = YES;
				CLANG_WARN_STRICT_PROTOTYPES = YES;
				CLANG_WARN_SUSPICIOUS_MOVE = YES;
				CLANG_WARN_UNGUARDED_AVAILABILITY = YES_AGGRESSIVE;
				CLANG_WARN_UNREACHABLE_CODE = YES;
				CLANG_WARN__DUPLICATE_METHOD_MATCH = YES;
				CODE_SIGN_IDENTITY = "iPhone Developer";
				COPY_PHASE_STRIP = NO;
				DEBUG_INFORMATION_FORMAT = dwarf;
				ENABLE_STRICT_OBJC_MSGSEND = YES;
				ENABLE_TESTABILITY = YES;
				GCC_C_LANGUAGE_STANDARD = gnu11;
				GCC_DYNAMIC_NO_PIC = NO;
				GCC_NO_COMMON_BLOCKS = YES;
				GCC_OPTIMIZATION_LEVEL = 0;
				GCC_PREPROCESSOR_DEFINITIONS = (
					"DEBUG=1",
					"$(inherited)",
				);
				GCC_WARN_64_TO_32_BIT_CONVERSION = YES;
				GCC_WARN_ABOUT_RETURN_TYPE = YES_ERROR;
				GCC_WARN_UNDECLARED_SELECTOR = YES;
				GCC_WARN_UNINITIALIZED_AUTOS = YES_AGGRESSIVE;
				GCC_WARN_UNUSED_FUNCTION = YES;
				GCC_WARN_UNUSED_VARIABLE = YES;
				IPHONEOS_DEPLOYMENT_TARGET = 11.2;
				MTL_ENABLE_DEBUG_INFO = YES;
				ONLY_ACTIVE_ARCH = YES;
				SDKROOT = iphoneos;
				SWIFT_ACTIVE_COMPILATION_CONDITIONS = DEBUG;
				SWIFT_OPTIMIZATION_LEVEL = "-Onone";
			};
			name = Debug;
		};
		F4071F2F21B98C5E00C18D33 /* Release */ = {
			isa = XCBuildConfiguration;
			buildSettings = {
				ALWAYS_SEARCH_USER_PATHS = NO;
				CLANG_ANALYZER_NONNULL = YES;
				CLANG_ANALYZER_NUMBER_OBJECT_CONVERSION = YES_AGGRESSIVE;
				CLANG_CXX_LANGUAGE_STANDARD = "gnu++14";
				CLANG_CXX_LIBRARY = "libc++";
				CLANG_ENABLE_MODULES = YES;
				CLANG_ENABLE_OBJC_ARC = YES;
				CLANG_WARN_BLOCK_CAPTURE_AUTORELEASING = YES;
				CLANG_WARN_BOOL_CONVERSION = YES;
				CLANG_WARN_COMMA = YES;
				CLANG_WARN_CONSTANT_CONVERSION = YES;
				CLANG_WARN_DIRECT_OBJC_ISA_USAGE = YES_ERROR;
				CLANG_WARN_DOCUMENTATION_COMMENTS = YES;
				CLANG_WARN_EMPTY_BODY = YES;
				CLANG_WARN_ENUM_CONVERSION = YES;
				CLANG_WARN_INFINITE_RECURSION = YES;
				CLANG_WARN_INT_CONVERSION = YES;
				CLANG_WARN_NON_LITERAL_NULL_CONVERSION = YES;
				CLANG_WARN_OBJC_LITERAL_CONVERSION = YES;
				CLANG_WARN_OBJC_ROOT_CLASS = YES_ERROR;
				CLANG_WARN_RANGE_LOOP_ANALYSIS = YES;
				CLANG_WARN_STRICT_PROTOTYPES = YES;
				CLANG_WARN_SUSPICIOUS_MOVE = YES;
				CLANG_WARN_UNGUARDED_AVAILABILITY = YES_AGGRESSIVE;
				CLANG_WARN_UNREACHABLE_CODE = YES;
				CLANG_WARN__DUPLICATE_METHOD_MATCH = YES;
				CODE_SIGN_IDENTITY = "iPhone Developer";
				COPY_PHASE_STRIP = NO;
				DEBUG_INFORMATION_FORMAT = "dwarf-with-dsym";
				ENABLE_NS_ASSERTIONS = NO;
				ENABLE_STRICT_OBJC_MSGSEND = YES;
				GCC_C_LANGUAGE_STANDARD = gnu11;
				GCC_NO_COMMON_BLOCKS = YES;
				GCC_WARN_64_TO_32_BIT_CONVERSION = YES;
				GCC_WARN_ABOUT_RETURN_TYPE = YES_ERROR;
				GCC_WARN_UNDECLARED_SELECTOR = YES;
				GCC_WARN_UNINITIALIZED_AUTOS = YES_AGGRESSIVE;
				GCC_WARN_UNUSED_FUNCTION = YES;
				GCC_WARN_UNUSED_VARIABLE = YES;
				IPHONEOS_DEPLOYMENT_TARGET = 11.2;
				MTL_ENABLE_DEBUG_INFO = NO;
				SDKROOT = iphoneos;
				SWIFT_OPTIMIZATION_LEVEL = "-Owholemodule";
				VALIDATE_PRODUCT = YES;
			};
			name = Release;
		};
		F4071F3121B98C5E00C18D33 /* Debug */ = {
			isa = XCBuildConfiguration;
			baseConfigurationReference = EEE8010B40D90C774C43E31C /* Pods-Giants Task.debug.xcconfig */;
			buildSettings = {
				ASSETCATALOG_COMPILER_APPICON_NAME = AppIcon;
				CODE_SIGN_STYLE = Automatic;
				INFOPLIST_FILE = "Giants Task/Info.plist";
				LD_RUNPATH_SEARCH_PATHS = "$(inherited) @executable_path/Frameworks";
				PRODUCT_BUNDLE_IDENTIFIER = "per.Giants-Task";
				PRODUCT_NAME = "$(TARGET_NAME)";
				SWIFT_VERSION = 4.0;
				TARGETED_DEVICE_FAMILY = "1,2";
			};
			name = Debug;
		};
		F4071F3221B98C5E00C18D33 /* Release */ = {
			isa = XCBuildConfiguration;
			baseConfigurationReference = BC0410ED6F2889E10C6B7E0E /* Pods-Giants Task.release.xcconfig */;
			buildSettings = {
				ASSETCATALOG_COMPILER_APPICON_NAME = AppIcon;
				CODE_SIGN_STYLE = Automatic;
				INFOPLIST_FILE = "Giants Task/Info.plist";
				LD_RUNPATH_SEARCH_PATHS = "$(inherited) @executable_path/Frameworks";
				PRODUCT_BUNDLE_IDENTIFIER = "per.Giants-Task";
				PRODUCT_NAME = "$(TARGET_NAME)";
				SWIFT_VERSION = 4.0;
				TARGETED_DEVICE_FAMILY = "1,2";
			};
			name = Release;
		};
/* End XCBuildConfiguration section */

/* Begin XCConfigurationList section */
		F4071F1921B98C5E00C18D33 /* Build configuration list for PBXProject "Giants Task" */ = {
			isa = XCConfigurationList;
			buildConfigurations = (
				F4071F2E21B98C5E00C18D33 /* Debug */,
				F4071F2F21B98C5E00C18D33 /* Release */,
			);
			defaultConfigurationIsVisible = 0;
			defaultConfigurationName = Release;
		};
		F4071F3021B98C5E00C18D33 /* Build configuration list for PBXNativeTarget "Giants Task" */ = {
			isa = XCConfigurationList;
			buildConfigurations = (
				F4071F3121B98C5E00C18D33 /* Debug */,
				F4071F3221B98C5E00C18D33 /* Release */,
			);
			defaultConfigurationIsVisible = 0;
			defaultConfigurationName = Release;
		};
/* End XCConfigurationList section */
	};
	rootObject = F4071F1621B98C5E00C18D33 /* Project object */;
}
